PODS:
  - Gloss (1.2.1)
  - Swinject (2.0.0)
  - SwinjectStoryboard (1.0.0):
    - Swinject (= 2.0.0)

DEPENDENCIES:
  - Gloss (~> 1.2)
  - Swinject (~> 2.0.0)
  - SwinjectStoryboard (~> 1.0.0)

SPEC CHECKSUMS:
  Gloss: 9ab33b8ede01e4232571d43a6bf9259b85d1de69
  Swinject: 2e964a80d70ab09b3949c99032711f89147bfd60
  SwinjectStoryboard: 8e0d3c0202b64172bdf915d55e8dc83d9c4e7863

PODFILE CHECKSUM: 433c746a3149125f30c155b73de2caac504b1331

COCOAPODS: 1.2.0
