// !$*UTF8*$!
{
	archiveVersion = 1;
	classes = {
	};
	objectVersion = 46;
	objects = {

/* Begin PBXBuildFile section */
		1D4DDA20491A528AAAA89FF8 /* Pods_Find_me_a_band.framework in Frameworks */ = {isa = PBXBuildFile; fileRef = 37DD60C138DB5AF1AE2ACD0F /* Pods_Find_me_a_band.framework */; };
		9C51D5121E85428D002A94EC /* SignInViewController.swift in Sources */ = {isa = PBXBuildFile; fileRef = 9C51D5111E85428D002A94EC /* SignInViewController.swift */; };
		9C51D5141E8542B3002A94EC /* SignUpViewController.swift in Sources */ = {isa = PBXBuildFile; fileRef = 9C51D5131E8542B3002A94EC /* SignUpViewController.swift */; };
		9C67F3F11E8414DB00342A86 /* AppDelegate.swift in Sources */ = {isa = PBXBuildFile; fileRef = 9C67F3F01E8414DB00342A86 /* AppDelegate.swift */; };
		9C67F3F61E8414DB00342A86 /* Main.storyboard in Resources */ = {isa = PBXBuildFile; fileRef = 9C67F3F41E8414DB00342A86 /* Main.storyboard */; };
		9C67F3F81E8414DB00342A86 /* Assets.xcassets in Resources */ = {isa = PBXBuildFile; fileRef = 9C67F3F71E8414DB00342A86 /* Assets.xcassets */; };
		9C67F3FB1E8414DB00342A86 /* LaunchScreen.storyboard in Resources */ = {isa = PBXBuildFile; fileRef = 9C67F3F91E8414DB00342A86 /* LaunchScreen.storyboard */; };
		9C73FEAB1E86B02400A2ED2B /* AccountViewController.swift in Sources */ = {isa = PBXBuildFile; fileRef = 9C73FEAA1E86B02400A2ED2B /* AccountViewController.swift */; };
		9C7BDF231E86BF65004421A2 /* TabBarViewController.swift in Sources */ = {isa = PBXBuildFile; fileRef = 9C7BDF221E86BF65004421A2 /* TabBarViewController.swift */; };
		9C7BDF251E86E0B7004421A2 /* AddBandViewController.swift in Sources */ = {isa = PBXBuildFile; fileRef = 9C7BDF241E86E0B7004421A2 /* AddBandViewController.swift */; };
		9C9929FE1E84376E00342D2B /* BandsTableViewController.swift in Sources */ = {isa = PBXBuildFile; fileRef = 9C9929FD1E84376E00342D2B /* BandsTableViewController.swift */; };
		9C992A041E8438E300342D2B /* HttpRequester.swift in Sources */ = {isa = PBXBuildFile; fileRef = 9C992A031E8438E300342D2B /* HttpRequester.swift */; };
		9C9F8B901E89984900BB5993 /* HttpMethod.swift in Sources */ = {isa = PBXBuildFile; fileRef = 9C9F8B8F1E89984900BB5993 /* HttpMethod.swift */; };
		9C9F8B931E89997E00BB5993 /* HttpRequesterDelegate.swift in Sources */ = {isa = PBXBuildFile; fileRef = 9C9F8B921E89997E00BB5993 /* HttpRequesterDelegate.swift */; };
		9CA0F7B71E8A9E9A00141795 /* HttpError.swift in Sources */ = {isa = PBXBuildFile; fileRef = 9CA0F7B61E8A9E9A00141795 /* HttpError.swift */; };
		9CEDB52A1E89286900593363 /* UserModel.swift in Sources */ = {isa = PBXBuildFile; fileRef = 9CEDB5291E89286900593363 /* UserModel.swift */; };
/* End PBXBuildFile section */

/* Begin PBXFileReference section */
		37DD60C138DB5AF1AE2ACD0F /* Pods_Find_me_a_band.framework */ = {isa = PBXFileReference; explicitFileType = wrapper.framework; includeInIndex = 0; path = Pods_Find_me_a_band.framework; sourceTree = BUILT_PRODUCTS_DIR; };
		6C66F609CA02C0D8CE175F82 /* Pods-Find me a band.debug.xcconfig */ = {isa = PBXFileReference; includeInIndex = 1; lastKnownFileType = text.xcconfig; name = "Pods-Find me a band.debug.xcconfig"; path = "Pods/Target Support Files/Pods-Find me a band/Pods-Find me a band.debug.xcconfig"; sourceTree = "<group>"; };
		9057F16744CF6017D76E31F6 /* Pods-Find me a band.release.xcconfig */ = {isa = PBXFileReference; includeInIndex = 1; lastKnownFileType = text.xcconfig; name = "Pods-Find me a band.release.xcconfig"; path = "Pods/Target Support Files/Pods-Find me a band/Pods-Find me a band.release.xcconfig"; sourceTree = "<group>"; };
		9C51D5111E85428D002A94EC /* SignInViewController.swift */ = {isa = PBXFileReference; fileEncoding = 4; lastKnownFileType = sourcecode.swift; name = SignInViewController.swift; path = ViewControllers/SignInViewController.swift; sourceTree = "<group>"; };
		9C51D5131E8542B3002A94EC /* SignUpViewController.swift */ = {isa = PBXFileReference; fileEncoding = 4; lastKnownFileType = sourcecode.swift; name = SignUpViewController.swift; path = ViewControllers/SignUpViewController.swift; sourceTree = "<group>"; };
		9C67F3ED1E8414DB00342A86 /* Find me a band.app */ = {isa = PBXFileReference; explicitFileType = wrapper.application; includeInIndex = 0; path = "Find me a band.app"; sourceTree = BUILT_PRODUCTS_DIR; };
		9C67F3F01E8414DB00342A86 /* AppDelegate.swift */ = {isa = PBXFileReference; lastKnownFileType = sourcecode.swift; path = AppDelegate.swift; sourceTree = "<group>"; };
		9C67F3F51E8414DB00342A86 /* Base */ = {isa = PBXFileReference; lastKnownFileType = file.storyboard; name = Base; path = Base.lproj/Main.storyboard; sourceTree = "<group>"; };
		9C67F3F71E8414DB00342A86 /* Assets.xcassets */ = {isa = PBXFileReference; lastKnownFileType = folder.assetcatalog; path = Assets.xcassets; sourceTree = "<group>"; };
		9C67F3FA1E8414DB00342A86 /* Base */ = {isa = PBXFileReference; lastKnownFileType = file.storyboard; name = Base; path = Base.lproj/LaunchScreen.storyboard; sourceTree = "<group>"; };
		9C67F3FC1E8414DB00342A86 /* Info.plist */ = {isa = PBXFileReference; lastKnownFileType = text.plist.xml; path = Info.plist; sourceTree = "<group>"; };
		9C73FEAA1E86B02400A2ED2B /* AccountViewController.swift */ = {isa = PBXFileReference; fileEncoding = 4; lastKnownFileType = sourcecode.swift; name = AccountViewController.swift; path = ViewControllers/AccountViewController.swift; sourceTree = "<group>"; };
		9C7BDF221E86BF65004421A2 /* TabBarViewController.swift */ = {isa = PBXFileReference; fileEncoding = 4; lastKnownFileType = sourcecode.swift; name = TabBarViewController.swift; path = ViewControllers/TabBarViewController.swift; sourceTree = "<group>"; };
		9C7BDF241E86E0B7004421A2 /* AddBandViewController.swift */ = {isa = PBXFileReference; fileEncoding = 4; lastKnownFileType = sourcecode.swift; name = AddBandViewController.swift; path = ViewControllers/AddBandViewController.swift; sourceTree = "<group>"; };
		9C9929FD1E84376E00342D2B /* BandsTableViewController.swift */ = {isa = PBXFileReference; fileEncoding = 4; lastKnownFileType = sourcecode.swift; name = BandsTableViewController.swift; path = ViewControllers/BandsTableViewController.swift; sourceTree = "<group>"; };
		9C992A031E8438E300342D2B /* HttpRequester.swift */ = {isa = PBXFileReference; fileEncoding = 4; lastKnownFileType = sourcecode.swift; name = HttpRequester.swift; path = Utils/HttpRequester.swift; sourceTree = "<group>"; };
		9C9F8B8F1E89984900BB5993 /* HttpMethod.swift */ = {isa = PBXFileReference; fileEncoding = 4; lastKnownFileType = sourcecode.swift; name = HttpMethod.swift; path = Enums/HttpMethod.swift; sourceTree = "<group>"; };
		9C9F8B921E89997E00BB5993 /* HttpRequesterDelegate.swift */ = {isa = PBXFileReference; fileEncoding = 4; lastKnownFileType = sourcecode.swift; name = HttpRequesterDelegate.swift; path = Utils/HttpRequesterDelegate.swift; sourceTree = "<group>"; };
		9CA0F7B61E8A9E9A00141795 /* HttpError.swift */ = {isa = PBXFileReference; fileEncoding = 4; lastKnownFileType = sourcecode.swift; name = HttpError.swift; path = Enums/HttpError.swift; sourceTree = "<group>"; };
		9CEDB5291E89286900593363 /* UserModel.swift */ = {isa = PBXFileReference; fileEncoding = 4; lastKnownFileType = sourcecode.swift; name = UserModel.swift; path = Models/UserModel.swift; sourceTree = "<group>"; };
/* End PBXFileReference section */

/* Begin PBXFrameworksBuildPhase section */
		9C67F3EA1E8414DB00342A86 /* Frameworks */ = {
			isa = PBXFrameworksBuildPhase;
			buildActionMask = 2147483647;
			files = (
				1D4DDA20491A528AAAA89FF8 /* Pods_Find_me_a_band.framework in Frameworks */,
			);
			runOnlyForDeploymentPostprocessing = 0;
		};
/* End PBXFrameworksBuildPhase section */

/* Begin PBXGroup section */
		090D4B40681E5BEF2A583BF6 /* Pods */ = {
			isa = PBXGroup;
			children = (
				6C66F609CA02C0D8CE175F82 /* Pods-Find me a band.debug.xcconfig */,
				9057F16744CF6017D76E31F6 /* Pods-Find me a band.release.xcconfig */,
			);
			name = Pods;
			sourceTree = "<group>";
		};
		9C51D5151E8546DC002A94EC /* DI */ = {
			isa = PBXGroup;
			children = (
			);
			name = DI;
			sourceTree = "<group>";
		};
		9C67F3E41E8414DB00342A86 = {
			isa = PBXGroup;
			children = (
				9C67F3EF1E8414DB00342A86 /* Find me a band */,
				9C67F3EE1E8414DB00342A86 /* Products */,
				090D4B40681E5BEF2A583BF6 /* Pods */,
				B1FEBB2EC23D74D11A2C1F82 /* Frameworks */,
			);
			sourceTree = "<group>";
		};
		9C67F3EE1E8414DB00342A86 /* Products */ = {
			isa = PBXGroup;
			children = (
				9C67F3ED1E8414DB00342A86 /* Find me a band.app */,
			);
			name = Products;
			sourceTree = "<group>";
		};
		9C67F3EF1E8414DB00342A86 /* Find me a band */ = {
			isa = PBXGroup;
			children = (
				9C9F8B8E1E89982800BB5993 /* Enums */,
				9C51D5151E8546DC002A94EC /* DI */,
				9C992A021E84385E00342D2B /* Providers */,
				9C992A011E84385200342D2B /* Data */,
				9C992A001E84382D00342D2B /* Utils */,
				9C9929FF1E84382100342D2B /* Models */,
				9C9929FC1E84366800342D2B /* ViewControllers */,
				9C67F3F01E8414DB00342A86 /* AppDelegate.swift */,
				9C67F3F41E8414DB00342A86 /* Main.storyboard */,
				9C67F3F71E8414DB00342A86 /* Assets.xcassets */,
				9C67F3F91E8414DB00342A86 /* LaunchScreen.storyboard */,
				9C67F3FC1E8414DB00342A86 /* Info.plist */,
			);
			path = "Find me a band";
			sourceTree = "<group>";
		};
		9C9929FC1E84366800342D2B /* ViewControllers */ = {
			isa = PBXGroup;
			children = (
				9C9929FD1E84376E00342D2B /* BandsTableViewController.swift */,
				9C51D5111E85428D002A94EC /* SignInViewController.swift */,
				9C51D5131E8542B3002A94EC /* SignUpViewController.swift */,
				9C73FEAA1E86B02400A2ED2B /* AccountViewController.swift */,
				9C7BDF221E86BF65004421A2 /* TabBarViewController.swift */,
				9C7BDF241E86E0B7004421A2 /* AddBandViewController.swift */,
			);
			name = ViewControllers;
			sourceTree = "<group>";
		};
		9C9929FF1E84382100342D2B /* Models */ = {
			isa = PBXGroup;
			children = (
				9CEDB5291E89286900593363 /* UserModel.swift */,
			);
			name = Models;
			sourceTree = "<group>";
		};
		9C992A001E84382D00342D2B /* Utils */ = {
			isa = PBXGroup;
			children = (
				9C9F8B911E89995100BB5993 /* Http */,
			);
			name = Utils;
			sourceTree = "<group>";
		};
		9C992A011E84385200342D2B /* Data */ = {
			isa = PBXGroup;
			children = (
			);
			name = Data;
			sourceTree = "<group>";
		};
		9C992A021E84385E00342D2B /* Providers */ = {
			isa = PBXGroup;
			children = (
			);
			name = Providers;
			sourceTree = "<group>";
		};
		9C9F8B8E1E89982800BB5993 /* Enums */ = {
			isa = PBXGroup;
			children = (
				9C9F8B8F1E89984900BB5993 /* HttpMethod.swift */,
				9CA0F7B61E8A9E9A00141795 /* HttpError.swift */,
			);
			name = Enums;
			sourceTree = "<group>";
		};
		9C9F8B911E89995100BB5993 /* Http */ = {
			isa = PBXGroup;
			children = (
				9C992A031E8438E300342D2B /* HttpRequester.swift */,
				9C9F8B921E89997E00BB5993 /* HttpRequesterDelegate.swift */,
			);
			name = Http;
			sourceTree = "<group>";
		};
		B1FEBB2EC23D74D11A2C1F82 /* Frameworks */ = {
			isa = PBXGroup;
			children = (
				37DD60C138DB5AF1AE2ACD0F /* Pods_Find_me_a_band.framework */,
			);
			name = Frameworks;
			sourceTree = "<group>";
		};
/* End PBXGroup section */

/* Begin PBXNativeTarget section */
		9C67F3EC1E8414DB00342A86 /* Find me a band */ = {
			isa = PBXNativeTarget;
			buildConfigurationList = 9C67F3FF1E8414DB00342A86 /* Build configuration list for PBXNativeTarget "Find me a band" */;
			buildPhases = (
				BCA3369D2CAE8F6115B9B8DD /* [CP] Check Pods Manifest.lock */,
				9C67F3E91E8414DB00342A86 /* Sources */,
				9C67F3EA1E8414DB00342A86 /* Frameworks */,
				9C67F3EB1E8414DB00342A86 /* Resources */,
				9A1C379D4033E8E917B2B05A /* [CP] Embed Pods Frameworks */,
				A0A985E3DDE5F8C62CDA2531 /* [CP] Copy Pods Resources */,
			);
			buildRules = (
			);
			dependencies = (
			);
			name = "Find me a band";
			productName = "Find me a band";
			productReference = 9C67F3ED1E8414DB00342A86 /* Find me a band.app */;
			productType = "com.apple.product-type.application";
		};
/* End PBXNativeTarget section */

/* Begin PBXProject section */
		9C67F3E51E8414DB00342A86 /* Project object */ = {
			isa = PBXProject;
			attributes = {
				LastSwiftUpdateCheck = 0820;
				LastUpgradeCheck = 0820;
				ORGANIZATIONNAME = "Kaloyan Yanev";
				TargetAttributes = {
					9C67F3EC1E8414DB00342A86 = {
						CreatedOnToolsVersion = 8.2.1;
						ProvisioningStyle = Automatic;
					};
				};
			};
			buildConfigurationList = 9C67F3E81E8414DB00342A86 /* Build configuration list for PBXProject "Find me a band" */;
			compatibilityVersion = "Xcode 3.2";
			developmentRegion = English;
			hasScannedForEncodings = 0;
			knownRegions = (
				en,
				Base,
			);
			mainGroup = 9C67F3E41E8414DB00342A86;
			productRefGroup = 9C67F3EE1E8414DB00342A86 /* Products */;
			projectDirPath = "";
			projectRoot = "";
			targets = (
				9C67F3EC1E8414DB00342A86 /* Find me a band */,
			);
		};
/* End PBXProject section */

/* Begin PBXResourcesBuildPhase section */
		9C67F3EB1E8414DB00342A86 /* Resources */ = {
			isa = PBXResourcesBuildPhase;
			buildActionMask = 2147483647;
			files = (
				9C67F3FB1E8414DB00342A86 /* LaunchScreen.storyboard in Resources */,
				9C67F3F81E8414DB00342A86 /* Assets.xcassets in Resources */,
				9C67F3F61E8414DB00342A86 /* Main.storyboard in Resources */,
			);
			runOnlyForDeploymentPostprocessing = 0;
		};
/* End PBXResourcesBuildPhase section */

/* Begin PBXShellScriptBuildPhase section */
		9A1C379D4033E8E917B2B05A /* [CP] Embed Pods Frameworks */ = {
			isa = PBXShellScriptBuildPhase;
			buildActionMask = 2147483647;
			files = (
			);
			inputPaths = (
			);
			name = "[CP] Embed Pods Frameworks";
			outputPaths = (
			);
			runOnlyForDeploymentPostprocessing = 0;
			shellPath = /bin/sh;
			shellScript = "\"${SRCROOT}/Pods/Target Support Files/Pods-Find me a band/Pods-Find me a band-frameworks.sh\"\n";
			showEnvVarsInLog = 0;
		};
		A0A985E3DDE5F8C62CDA2531 /* [CP] Copy Pods Resources */ = {
			isa = PBXShellScriptBuildPhase;
			buildActionMask = 2147483647;
			files = (
			);
			inputPaths = (
			);
			name = "[CP] Copy Pods Resources";
			outputPaths = (
			);
			runOnlyForDeploymentPostprocessing = 0;
			shellPath = /bin/sh;
			shellScript = "\"${SRCROOT}/Pods/Target Support Files/Pods-Find me a band/Pods-Find me a band-resources.sh\"\n";
			showEnvVarsInLog = 0;
		};
		BCA3369D2CAE8F6115B9B8DD /* [CP] Check Pods Manifest.lock */ = {
			isa = PBXShellScriptBuildPhase;
			buildActionMask = 2147483647;
			files = (
			);
			inputPaths = (
			);
			name = "[CP] Check Pods Manifest.lock";
			outputPaths = (
			);
			runOnlyForDeploymentPostprocessing = 0;
			shellPath = /bin/sh;
			shellScript = "diff \"${PODS_ROOT}/../Podfile.lock\" \"${PODS_ROOT}/Manifest.lock\" > /dev/null\nif [ $? != 0 ] ; then\n    # print error to STDERR\n    echo \"error: The sandbox is not in sync with the Podfile.lock. Run 'pod install' or update your CocoaPods installation.\" >&2\n    exit 1\nfi\n";
			showEnvVarsInLog = 0;
		};
/* End PBXShellScriptBuildPhase section */

/* Begin PBXSourcesBuildPhase section */
		9C67F3E91E8414DB00342A86 /* Sources */ = {
			isa = PBXSourcesBuildPhase;
			buildActionMask = 2147483647;
			files = (
				9C51D5121E85428D002A94EC /* SignInViewController.swift in Sources */,
				9C9929FE1E84376E00342D2B /* BandsTableViewController.swift in Sources */,
				9C9F8B901E89984900BB5993 /* HttpMethod.swift in Sources */,
				9C73FEAB1E86B02400A2ED2B /* AccountViewController.swift in Sources */,
				9CA0F7B71E8A9E9A00141795 /* HttpError.swift in Sources */,
				9C7BDF251E86E0B7004421A2 /* AddBandViewController.swift in Sources */,
				9C992A041E8438E300342D2B /* HttpRequester.swift in Sources */,
				9C7BDF231E86BF65004421A2 /* TabBarViewController.swift in Sources */,
				9C67F3F11E8414DB00342A86 /* AppDelegate.swift in Sources */,
				9CEDB52A1E89286900593363 /* UserModel.swift in Sources */,
				9C51D5141E8542B3002A94EC /* SignUpViewController.swift in Sources */,
				9C9F8B931E89997E00BB5993 /* HttpRequesterDelegate.swift in Sources */,
			);
			runOnlyForDeploymentPostprocessing = 0;
		};
/* End PBXSourcesBuildPhase section */

/* Begin PBXVariantGroup section */
		9C67F3F41E8414DB00342A86 /* Main.storyboard */ = {
			isa = PBXVariantGroup;
			children = (
				9C67F3F51E8414DB00342A86 /* Base */,
			);
			name = Main.storyboard;
			sourceTree = "<group>";
		};
		9C67F3F91E8414DB00342A86 /* LaunchScreen.storyboard */ = {
			isa = PBXVariantGroup;
			children = (
				9C67F3FA1E8414DB00342A86 /* Base */,
			);
			name = LaunchScreen.storyboard;
			sourceTree = "<group>";
		};
/* End PBXVariantGroup section */

/* Begin XCBuildConfiguration section */
		9C67F3FD1E8414DB00342A86 /* Debug */ = {
			isa = XCBuildConfiguration;
			buildSettings = {
				ALWAYS_SEARCH_USER_PATHS = NO;
				CLANG_ANALYZER_NONNULL = YES;
				CLANG_CXX_LANGUAGE_STANDARD = "gnu++0x";
				CLANG_CXX_LIBRARY = "libc++";
				CLANG_ENABLE_MODULES = YES;
				CLANG_ENABLE_OBJC_ARC = YES;
				CLANG_WARN_BOOL_CONVERSION = YES;
				CLANG_WARN_CONSTANT_CONVERSION = YES;
				CLANG_WARN_DIRECT_OBJC_ISA_USAGE = YES_ERROR;
				CLANG_WARN_DOCUMENTATION_COMMENTS = YES;
				CLANG_WARN_EMPTY_BODY = YES;
				CLANG_WARN_ENUM_CONVERSION = YES;
				CLANG_WARN_INFINITE_RECURSION = YES;
				CLANG_WARN_INT_CONVERSION = YES;
				CLANG_WARN_OBJC_ROOT_CLASS = YES_ERROR;
				CLANG_WARN_SUSPICIOUS_MOVE = YES;
				CLANG_WARN_UNREACHABLE_CODE = YES;
				CLANG_WARN__DUPLICATE_METHOD_MATCH = YES;
				"CODE_SIGN_IDENTITY[sdk=iphoneos*]" = "iPhone Developer";
				COPY_PHASE_STRIP = NO;
				DEBUG_INFORMATION_FORMAT = dwarf;
				ENABLE_STRICT_OBJC_MSGSEND = YES;
				ENABLE_TESTABILITY = YES;
				GCC_C_LANGUAGE_STANDARD = gnu99;
				GCC_DYNAMIC_NO_PIC = NO;
				GCC_NO_COMMON_BLOCKS = YES;
				GCC_OPTIMIZATION_LEVEL = 0;
				GCC_PREPROCESSOR_DEFINITIONS = (
					"DEBUG=1",
					"$(inherited)",
				);
				GCC_WARN_64_TO_32_BIT_CONVERSION = YES;
				GCC_WARN_ABOUT_RETURN_TYPE = YES_ERROR;
				GCC_WARN_UNDECLARED_SELECTOR = YES;
				GCC_WARN_UNINITIALIZED_AUTOS = YES_AGGRESSIVE;
				GCC_WARN_UNUSED_FUNCTION = YES;
				GCC_WARN_UNUSED_VARIABLE = YES;
				IPHONEOS_DEPLOYMENT_TARGET = 10.2;
				MTL_ENABLE_DEBUG_INFO = YES;
				ONLY_ACTIVE_ARCH = YES;
				SDKROOT = iphoneos;
				SWIFT_ACTIVE_COMPILATION_CONDITIONS = DEBUG;
				SWIFT_OPTIMIZATION_LEVEL = "-Onone";
				TARGETED_DEVICE_FAMILY = "1,2";
			};
			name = Debug;
		};
		9C67F3FE1E8414DB00342A86 /* Release */ = {
			isa = XCBuildConfiguration;
			buildSettings = {
				ALWAYS_SEARCH_USER_PATHS = NO;
				CLANG_ANALYZER_NONNULL = YES;
				CLANG_CXX_LANGUAGE_STANDARD = "gnu++0x";
				CLANG_CXX_LIBRARY = "libc++";
				CLANG_ENABLE_MODULES = YES;
				CLANG_ENABLE_OBJC_ARC = YES;
				CLANG_WARN_BOOL_CONVERSION = YES;
				CLANG_WARN_CONSTANT_CONVERSION = YES;
				CLANG_WARN_DIRECT_OBJC_ISA_USAGE = YES_ERROR;
				CLANG_WARN_DOCUMENTATION_COMMENTS = YES;
				CLANG_WARN_EMPTY_BODY = YES;
				CLANG_WARN_ENUM_CONVERSION = YES;
				CLANG_WARN_INFINITE_RECURSION = YES;
				CLANG_WARN_INT_CONVERSION = YES;
				CLANG_WARN_OBJC_ROOT_CLASS = YES_ERROR;
				CLANG_WARN_SUSPICIOUS_MOVE = YES;
				CLANG_WARN_UNREACHABLE_CODE = YES;
				CLANG_WARN__DUPLICATE_METHOD_MATCH = YES;
				"CODE_SIGN_IDENTITY[sdk=iphoneos*]" = "iPhone Developer";
				COPY_PHASE_STRIP = NO;
				DEBUG_INFORMATION_FORMAT = "dwarf-with-dsym";
				ENABLE_NS_ASSERTIONS = NO;
				ENABLE_STRICT_OBJC_MSGSEND = YES;
				GCC_C_LANGUAGE_STANDARD = gnu99;
				GCC_NO_COMMON_BLOCKS = YES;
				GCC_WARN_64_TO_32_BIT_CONVERSION = YES;
				GCC_WARN_ABOUT_RETURN_TYPE = YES_ERROR;
				GCC_WARN_UNDECLARED_SELECTOR = YES;
				GCC_WARN_UNINITIALIZED_AUTOS = YES_AGGRESSIVE;
				GCC_WARN_UNUSED_FUNCTION = YES;
				GCC_WARN_UNUSED_VARIABLE = YES;
				IPHONEOS_DEPLOYMENT_TARGET = 10.2;
				MTL_ENABLE_DEBUG_INFO = NO;
				SDKROOT = iphoneos;
				SWIFT_OPTIMIZATION_LEVEL = "-Owholemodule";
				TARGETED_DEVICE_FAMILY = "1,2";
				VALIDATE_PRODUCT = YES;
			};
			name = Release;
		};
		9C67F4001E8414DB00342A86 /* Debug */ = {
			isa = XCBuildConfiguration;
			baseConfigurationReference = 6C66F609CA02C0D8CE175F82 /* Pods-Find me a band.debug.xcconfig */;
			buildSettings = {
				ASSETCATALOG_COMPILER_APPICON_NAME = AppIcon;
				INFOPLIST_FILE = "Find me a band/Info.plist";
				LD_RUNPATH_SEARCH_PATHS = "$(inherited) @executable_path/Frameworks";
				PRODUCT_BUNDLE_IDENTIFIER = "kyanev.Find-me-a-band";
				PRODUCT_NAME = "$(TARGET_NAME)";
				SWIFT_VERSION = 3.0;
			};
			name = Debug;
		};
		9C67F4011E8414DB00342A86 /* Release */ = {
			isa = XCBuildConfiguration;
			baseConfigurationReference = 9057F16744CF6017D76E31F6 /* Pods-Find me a band.release.xcconfig */;
			buildSettings = {
				ASSETCATALOG_COMPILER_APPICON_NAME = AppIcon;
				INFOPLIST_FILE = "Find me a band/Info.plist";
				LD_RUNPATH_SEARCH_PATHS = "$(inherited) @executable_path/Frameworks";
				PRODUCT_BUNDLE_IDENTIFIER = "kyanev.Find-me-a-band";
				PRODUCT_NAME = "$(TARGET_NAME)";
				SWIFT_VERSION = 3.0;
			};
			name = Release;
		};
/* End XCBuildConfiguration section */

/* Begin XCConfigurationList section */
		9C67F3E81E8414DB00342A86 /* Build configuration list for PBXProject "Find me a band" */ = {
			isa = XCConfigurationList;
			buildConfigurations = (
				9C67F3FD1E8414DB00342A86 /* Debug */,
				9C67F3FE1E8414DB00342A86 /* Release */,
			);
			defaultConfigurationIsVisible = 0;
			defaultConfigurationName = Release;
		};
		9C67F3FF1E8414DB00342A86 /* Build configuration list for PBXNativeTarget "Find me a band" */ = {
			isa = XCConfigurationList;
			buildConfigurations = (
				9C67F4001E8414DB00342A86 /* Debug */,
				9C67F4011E8414DB00342A86 /* Release */,
			);
			defaultConfigurationIsVisible = 0;
			defaultConfigurationName = Release;
		};
/* End XCConfigurationList section */
	};
	rootObject = 9C67F3E51E8414DB00342A86 /* Project object */;
}
